
Microsoft Visual Studio Solution File, Format Version 12.00
# Visual Studio Version 16
VisualStudioVersion = 16.0.31729.503
MinimumVisualStudioVersion = 10.0.40219.1
Project("{2150E333-8FDC-42A3-9474-1A3956D46DE8}") = "src", "src", "{39DC55CF-189A-408D-81D8-6A5E1E4C50B9}"
EndProject
Project("{2150E333-8FDC-42A3-9474-1A3956D46DE8}") = "Services", "Services", "{2380DA10-7DAE-4B88-BAE9-00429902C708}"
EndProject
Project("{2150E333-8FDC-42A3-9474-1A3956D46DE8}") = "Seller", "Seller", "{90D7CBAE-F52B-4395-B9E1-A86AD9630E8C}"
EndProject
Project("{2150E333-8FDC-42A3-9474-1A3956D46DE8}") = "Buyer", "Buyer", "{6B29409A-D7FA-4A3C-9FA4-B86D4DBD96D6}"
EndProject
Project("{2150E333-8FDC-42A3-9474-1A3956D46DE8}") = "Identity", "Identity", "{7385F5CB-BE1A-496E-81C5-3F65819B54BF}"
EndProject
Project("{9A19103F-16F7-4668-BE54-9A1E7A4F7556}") = "Seller", "Seller\Seller.csproj", "{1475643A-DF06-4AB7-9727-3C73E0DD7B15}"
EndProject
Project("{9A19103F-16F7-4668-BE54-9A1E7A4F7556}") = "Buyer", "Buyer\Buyer.csproj", "{635A6956-52AE-48C9-8304-64B72C184182}"
EndProject
Project("{9A19103F-16F7-4668-BE54-9A1E7A4F7556}") = "Identity", "Identity\Identity.csproj", "{7438ADF1-F1E0-4006-B46D-05527C5E851C}"
EndProject
Project("{2150E333-8FDC-42A3-9474-1A3956D46DE8}") = "BuildingBlocks", "BuildingBlocks", "{18E42AE7-714C-40C1-9814-5020FE687003}"
EndProject
Project("{9A19103F-16F7-4668-BE54-9A1E7A4F7556}") = "EventBus.Messages", "EventBus.Messages\EventBus.Messages.csproj", "{F59C4A0A-C800-456E-8BDC-958C7660AA4B}"
EndProject
Project("{E53339B2-1760-4266-BCC7-CA923CBCF16C}") = "docker-compose", "docker-compose.dcproj", "{DBD02614-B7C4-4EBE-9505-CE42CAE2F4FE}"
EndProject
Project("{2150E333-8FDC-42A3-9474-1A3956D46DE8}") = "Common", "Common", "{E652FD2C-4DC3-4F14-9B91-D1C3991EB455}"
EndProject
Project("{FAE04EC0-301F-11D3-BF4B-00C04F79EFBC}") = "Common", "..\Common\Common.csproj", "{29BC33BB-B4E6-494C-B73E-546AFDA6EDAE}"
EndProject
Global
	GlobalSection(SolutionConfigurationPlatforms) = preSolution
		Debug|Any CPU = Debug|Any CPU
		Release|Any CPU = Release|Any CPU
	EndGlobalSection
	GlobalSection(ProjectConfigurationPlatforms) = postSolution
		{1475643A-DF06-4AB7-9727-3C73E0DD7B15}.Debug|Any CPU.ActiveCfg = Debug|Any CPU
		{1475643A-DF06-4AB7-9727-3C73E0DD7B15}.Debug|Any CPU.Build.0 = Debug|Any CPU
		{1475643A-DF06-4AB7-9727-3C73E0DD7B15}.Release|Any CPU.ActiveCfg = Release|Any CPU
		{1475643A-DF06-4AB7-9727-3C73E0DD7B15}.Release|Any CPU.Build.0 = Release|Any CPU
		{635A6956-52AE-48C9-8304-64B72C184182}.Debug|Any CPU.ActiveCfg = Debug|Any CPU
		{635A6956-52AE-48C9-8304-64B72C184182}.Debug|Any CPU.Build.0 = Debug|Any CPU
		{635A6956-52AE-48C9-8304-64B72C184182}.Release|Any CPU.ActiveCfg = Release|Any CPU
		{635A6956-52AE-48C9-8304-64B72C184182}.Release|Any CPU.Build.0 = Release|Any CPU
		{7438ADF1-F1E0-4006-B46D-05527C5E851C}.Debug|Any CPU.ActiveCfg = Debug|Any CPU
		{7438ADF1-F1E0-4006-B46D-05527C5E851C}.Debug|Any CPU.Build.0 = Debug|Any CPU
		{7438ADF1-F1E0-4006-B46D-05527C5E851C}.Release|Any CPU.ActiveCfg = Release|Any CPU
		{7438ADF1-F1E0-4006-B46D-05527C5E851C}.Release|Any CPU.Build.0 = Release|Any CPU
		{F59C4A0A-C800-456E-8BDC-958C7660AA4B}.Debug|Any CPU.ActiveCfg = Debug|Any CPU
		{F59C4A0A-C800-456E-8BDC-958C7660AA4B}.Debug|Any CPU.Build.0 = Debug|Any CPU
		{F59C4A0A-C800-456E-8BDC-958C7660AA4B}.Release|Any CPU.ActiveCfg = Release|Any CPU
		{F59C4A0A-C800-456E-8BDC-958C7660AA4B}.Release|Any CPU.Build.0 = Release|Any CPU
		{DBD02614-B7C4-4EBE-9505-CE42CAE2F4FE}.Debug|Any CPU.ActiveCfg = Debug|Any CPU
		{DBD02614-B7C4-4EBE-9505-CE42CAE2F4FE}.Debug|Any CPU.Build.0 = Debug|Any CPU
		{DBD02614-B7C4-4EBE-9505-CE42CAE2F4FE}.Release|Any CPU.ActiveCfg = Release|Any CPU
		{DBD02614-B7C4-4EBE-9505-CE42CAE2F4FE}.Release|Any CPU.Build.0 = Release|Any CPU
		{29BC33BB-B4E6-494C-B73E-546AFDA6EDAE}.Debug|Any CPU.ActiveCfg = Debug|Any CPU
		{29BC33BB-B4E6-494C-B73E-546AFDA6EDAE}.Debug|Any CPU.Build.0 = Debug|Any CPU
		{29BC33BB-B4E6-494C-B73E-546AFDA6EDAE}.Release|Any CPU.ActiveCfg = Release|Any CPU
		{29BC33BB-B4E6-494C-B73E-546AFDA6EDAE}.Release|Any CPU.Build.0 = Release|Any CPU
	EndGlobalSection
	GlobalSection(SolutionProperties) = preSolution
		HideSolutionNode = FALSE
	EndGlobalSection
	GlobalSection(NestedProjects) = preSolution
		{2380DA10-7DAE-4B88-BAE9-00429902C708} = {39DC55CF-189A-408D-81D8-6A5E1E4C50B9}
		{90D7CBAE-F52B-4395-B9E1-A86AD9630E8C} = {2380DA10-7DAE-4B88-BAE9-00429902C708}
		{6B29409A-D7FA-4A3C-9FA4-B86D4DBD96D6} = {2380DA10-7DAE-4B88-BAE9-00429902C708}
		{7385F5CB-BE1A-496E-81C5-3F65819B54BF} = {2380DA10-7DAE-4B88-BAE9-00429902C708}
		{1475643A-DF06-4AB7-9727-3C73E0DD7B15} = {90D7CBAE-F52B-4395-B9E1-A86AD9630E8C}
		{635A6956-52AE-48C9-8304-64B72C184182} = {6B29409A-D7FA-4A3C-9FA4-B86D4DBD96D6}
		{7438ADF1-F1E0-4006-B46D-05527C5E851C} = {7385F5CB-BE1A-496E-81C5-3F65819B54BF}
		{18E42AE7-714C-40C1-9814-5020FE687003} = {39DC55CF-189A-408D-81D8-6A5E1E4C50B9}
		{F59C4A0A-C800-456E-8BDC-958C7660AA4B} = {18E42AE7-714C-40C1-9814-5020FE687003}
		{29BC33BB-B4E6-494C-B73E-546AFDA6EDAE} = {E652FD2C-4DC3-4F14-9B91-D1C3991EB455}
	EndGlobalSection
	GlobalSection(ExtensibilityGlobals) = postSolution
		SolutionGuid = {2202B683-E315-4F87-A12D-07648E032A0C}
	EndGlobalSection
EndGlobal
